
Microsoft Visual Studio Solution File, Format Version 12.00
# Visual Studio Version 17
VisualStudioVersion = 17.5.002.0
MinimumVisualStudioVersion = 10.0.40219.1
Project("{9A19103F-16F7-4668-BE54-9A1E7A4F7556}") = "HienThiSoNguyenToNhoHon100", "HienThiSoNguyenToNhoHon100.csproj", "{80FAB6F6-4F28-4F05-B18B-2A8DD40AF70D}"
EndProject
Global
	GlobalSection(SolutionConfigurationPlatforms) = preSolution
		Debug|Any CPU = Debug|Any CPU
		Release|Any CPU = Release|Any CPU
	EndGlobalSection
	GlobalSection(ProjectConfigurationPlatforms) = postSolution
		{80FAB6F6-4F28-4F05-B18B-2A8DD40AF70D}.Debug|Any CPU.ActiveCfg = Debug|Any CPU
		{80FAB6F6-4F28-4F05-B18B-2A8DD40AF70D}.Debug|Any CPU.Build.0 = Debug|Any CPU
		{80FAB6F6-4F28-4F05-B18B-2A8DD40AF70D}.Release|Any CPU.ActiveCfg = Release|Any CPU
		{80FAB6F6-4F28-4F05-B18B-2A8DD40AF70D}.Release|Any CPU.Build.0 = Release|Any CPU
	EndGlobalSection
	GlobalSection(SolutionProperties) = preSolution
		HideSolutionNode = FALSE
	EndGlobalSection
	GlobalSection(ExtensibilityGlobals) = postSolution
		SolutionGuid = {62D88595-2DA0-49B9-9E69-15E945FA54D8}
	EndGlobalSection
EndGlobal
